{
  "name": "pawfinds-a-pet-adoption-system-mern-stack-portfolio-with-admin-panel",
  "version": "1.0.0",
  "lockfileVersion": 3,
  "requires": true,
  "packages": {
    "": {
      "name": "pawfinds-a-pet-adoption-system-mern-stack-portfolio-with-admin-panel",
      "version": "1.0.0",
      "license": "ISC"
    }
  }
}
